
Microsoft Visual Studio Solution File, Format Version 12.00
# Visual Studio Version 17
VisualStudioVersion = 17.5.33530.505
MinimumVisualStudioVersion = 10.0.40219.1
Project("{FAE04EC0-301F-11D3-BF4B-00C04F79EFBC}") = "DatingApp_API", "DatingApp_API.csproj", "{B1ACA149-7F76-47B5-85EE-031F322D356D}"
EndProject
Global
	GlobalSection(SolutionConfigurationPlatforms) = preSolution
		Debug|Any CPU = Debug|Any CPU
		Release|Any CPU = Release|Any CPU
	EndGlobalSection
	GlobalSection(ProjectConfigurationPlatforms) = postSolution
		{B1ACA149-7F76-47B5-85EE-031F322D356D}.Debug|Any CPU.ActiveCfg = Debug|Any CPU
		{B1ACA149-7F76-47B5-85EE-031F322D356D}.Debug|Any CPU.Build.0 = Debug|Any CPU
		{B1ACA149-7F76-47B5-85EE-031F322D356D}.Release|Any CPU.ActiveCfg = Release|Any CPU
		{B1ACA149-7F76-47B5-85EE-031F322D356D}.Release|Any CPU.Build.0 = Release|Any CPU
	EndGlobalSection
	GlobalSection(SolutionProperties) = preSolution
		HideSolutionNode = FALSE
	EndGlobalSection
	GlobalSection(ExtensibilityGlobals) = postSolution
		SolutionGuid = {D34F8EB5-7163-4679-B269-92AD4BC9EDB6}
	EndGlobalSection
EndGlobal
